// !$*UTF8*$!
{
	archiveVersion = 1;
	classes = {
	};
	objectVersion = 46;
	objects = {

/* Begin PBXBuildFile section */
		171613DA1E7F54300054187E /* DadosUsuariosViewController.swift in Sources */ = {isa = PBXBuildFile; fileRef = 171613D81E7F54300054187E /* DadosUsuariosViewController.swift */; };
		171613DB1E7F54300054187E /* DadosUsuariosViewController.xib in Resources */ = {isa = PBXBuildFile; fileRef = 171613D91E7F54300054187E /* DadosUsuariosViewController.xib */; };
		173159741E7F3E6F0029FED9 /* Cadastro.swift in Sources */ = {isa = PBXBuildFile; fileRef = 173159731E7F3E6F0029FED9 /* Cadastro.swift */; };
		177B84271E7E466F00776D03 /* UIColor+ASAdditions.swift in Sources */ = {isa = PBXBuildFile; fileRef = 177B84261E7E466F00776D03 /* UIColor+ASAdditions.swift */; };
		177B842A1E7E59A000776D03 /* ContaCriadaViewController.swift in Sources */ = {isa = PBXBuildFile; fileRef = 177B84281E7E59A000776D03 /* ContaCriadaViewController.swift */; };
		177B842B1E7E59A000776D03 /* ContaCriadaViewController.xib in Resources */ = {isa = PBXBuildFile; fileRef = 177B84291E7E59A000776D03 /* ContaCriadaViewController.xib */; };
		17F2BCCA1E7DC3F300D5E5EA /* AppDelegate.swift in Sources */ = {isa = PBXBuildFile; fileRef = 17F2BCC91E7DC3F300D5E5EA /* AppDelegate.swift */; };
		17F2BCD11E7DC3F300D5E5EA /* Assets.xcassets in Resources */ = {isa = PBXBuildFile; fileRef = 17F2BCD01E7DC3F300D5E5EA /* Assets.xcassets */; };
		17F2BCD41E7DC3F300D5E5EA /* LaunchScreen.storyboard in Resources */ = {isa = PBXBuildFile; fileRef = 17F2BCD21E7DC3F300D5E5EA /* LaunchScreen.storyboard */; };
		17F2BCDE1E7DC5F700D5E5EA /* CadastroViewController.swift in Sources */ = {isa = PBXBuildFile; fileRef = 17F2BCDC1E7DC5F700D5E5EA /* CadastroViewController.swift */; };
		17F2BCDF1E7DC5F700D5E5EA /* CadastroViewController.xib in Resources */ = {isa = PBXBuildFile; fileRef = 17F2BCDD1E7DC5F700D5E5EA /* CadastroViewController.xib */; };
		5C427442D3AFB012533C6281 /* Pods_telaDeCadastro.framework in Frameworks */ = {isa = PBXBuildFile; fileRef = 4F7AEBA317E9141584A01A18 /* Pods_telaDeCadastro.framework */; };
/* End PBXBuildFile section */

/* Begin PBXFileReference section */
		171613D81E7F54300054187E /* DadosUsuariosViewController.swift */ = {isa = PBXFileReference; fileEncoding = 4; lastKnownFileType = sourcecode.swift; path = DadosUsuariosViewController.swift; sourceTree = "<group>"; };
		171613D91E7F54300054187E /* DadosUsuariosViewController.xib */ = {isa = PBXFileReference; fileEncoding = 4; lastKnownFileType = file.xib; path = DadosUsuariosViewController.xib; sourceTree = "<group>"; };
		173159731E7F3E6F0029FED9 /* Cadastro.swift */ = {isa = PBXFileReference; fileEncoding = 4; lastKnownFileType = sourcecode.swift; path = Cadastro.swift; sourceTree = "<group>"; };
		177B84261E7E466F00776D03 /* UIColor+ASAdditions.swift */ = {isa = PBXFileReference; fileEncoding = 4; lastKnownFileType = sourcecode.swift; path = "UIColor+ASAdditions.swift"; sourceTree = "<group>"; };
		177B84281E7E59A000776D03 /* ContaCriadaViewController.swift */ = {isa = PBXFileReference; fileEncoding = 4; lastKnownFileType = sourcecode.swift; path = ContaCriadaViewController.swift; sourceTree = "<group>"; };
		177B84291E7E59A000776D03 /* ContaCriadaViewController.xib */ = {isa = PBXFileReference; fileEncoding = 4; lastKnownFileType = file.xib; path = ContaCriadaViewController.xib; sourceTree = "<group>"; };
		177B842D1E7E5B6200776D03 /* telaDeCadastro.entitlements */ = {isa = PBXFileReference; lastKnownFileType = text.plist.entitlements; path = telaDeCadastro.entitlements; sourceTree = "<group>"; };
		17F2BCC61E7DC3F300D5E5EA /* telaDeCadastro.app */ = {isa = PBXFileReference; explicitFileType = wrapper.application; includeInIndex = 0; path = telaDeCadastro.app; sourceTree = BUILT_PRODUCTS_DIR; };
		17F2BCC91E7DC3F300D5E5EA /* AppDelegate.swift */ = {isa = PBXFileReference; lastKnownFileType = sourcecode.swift; path = AppDelegate.swift; sourceTree = "<group>"; };
		17F2BCD01E7DC3F300D5E5EA /* Assets.xcassets */ = {isa = PBXFileReference; lastKnownFileType = folder.assetcatalog; path = Assets.xcassets; sourceTree = "<group>"; };
		17F2BCD31E7DC3F300D5E5EA /* Base */ = {isa = PBXFileReference; lastKnownFileType = file.storyboard; name = Base; path = Base.lproj/LaunchScreen.storyboard; sourceTree = "<group>"; };
		17F2BCD51E7DC3F300D5E5EA /* Info.plist */ = {isa = PBXFileReference; lastKnownFileType = text.plist.xml; path = Info.plist; sourceTree = "<group>"; };
		17F2BCDC1E7DC5F700D5E5EA /* CadastroViewController.swift */ = {isa = PBXFileReference; fileEncoding = 4; lastKnownFileType = sourcecode.swift; path = CadastroViewController.swift; sourceTree = "<group>"; };
		17F2BCDD1E7DC5F700D5E5EA /* CadastroViewController.xib */ = {isa = PBXFileReference; fileEncoding = 4; lastKnownFileType = file.xib; path = CadastroViewController.xib; sourceTree = "<group>"; };
		34C712AB91CC529A8894CCC8 /* Pods-telaDeCadastro.debug.xcconfig */ = {isa = PBXFileReference; includeInIndex = 1; lastKnownFileType = text.xcconfig; name = "Pods-telaDeCadastro.debug.xcconfig"; path = "Pods/Target Support Files/Pods-telaDeCadastro/Pods-telaDeCadastro.debug.xcconfig"; sourceTree = "<group>"; };
		3E193A02E187B76A6C2066B7 /* Pods-telaDeCadastro.release.xcconfig */ = {isa = PBXFileReference; includeInIndex = 1; lastKnownFileType = text.xcconfig; name = "Pods-telaDeCadastro.release.xcconfig"; path = "Pods/Target Support Files/Pods-telaDeCadastro/Pods-telaDeCadastro.release.xcconfig"; sourceTree = "<group>"; };
		4F7AEBA317E9141584A01A18 /* Pods_telaDeCadastro.framework */ = {isa = PBXFileReference; explicitFileType = wrapper.framework; includeInIndex = 0; path = Pods_telaDeCadastro.framework; sourceTree = BUILT_PRODUCTS_DIR; };
/* End PBXFileReference section */

/* Begin PBXFrameworksBuildPhase section */
		17F2BCC31E7DC3F300D5E5EA /* Frameworks */ = {
			isa = PBXFrameworksBuildPhase;
			buildActionMask = 2147483647;
			files = (
				5C427442D3AFB012533C6281 /* Pods_telaDeCadastro.framework in Frameworks */,
			);
			runOnlyForDeploymentPostprocessing = 0;
		};
/* End PBXFrameworksBuildPhase section */

/* Begin PBXGroup section */
		17F2BCBD1E7DC3F300D5E5EA = {
			isa = PBXGroup;
			children = (
				17F2BCC81E7DC3F300D5E5EA /* telaDeCadastro */,
				17F2BCC71E7DC3F300D5E5EA /* Products */,
				91BE634E2AE1352F18684DBE /* Pods */,
				6F88F233AB043C6DFBA90E45 /* Frameworks */,
			);
			sourceTree = "<group>";
		};
		17F2BCC71E7DC3F300D5E5EA /* Products */ = {
			isa = PBXGroup;
			children = (
				17F2BCC61E7DC3F300D5E5EA /* telaDeCadastro.app */,
			);
			name = Products;
			sourceTree = "<group>";
		};
		17F2BCC81E7DC3F300D5E5EA /* telaDeCadastro */ = {
			isa = PBXGroup;
			children = (
				177B842D1E7E5B6200776D03 /* telaDeCadastro.entitlements */,
				17F2BCDB1E7DC5DE00D5E5EA /* CadastroViewcontroller */,
				17F2BCC91E7DC3F300D5E5EA /* AppDelegate.swift */,
				17F2BCD01E7DC3F300D5E5EA /* Assets.xcassets */,
				177B84261E7E466F00776D03 /* UIColor+ASAdditions.swift */,
				17F2BCD21E7DC3F300D5E5EA /* LaunchScreen.storyboard */,
				17F2BCD51E7DC3F300D5E5EA /* Info.plist */,
				173159731E7F3E6F0029FED9 /* Cadastro.swift */,
			);
			path = telaDeCadastro;
			sourceTree = "<group>";
		};
		17F2BCDB1E7DC5DE00D5E5EA /* CadastroViewcontroller */ = {
			isa = PBXGroup;
			children = (
				17F2BCDC1E7DC5F700D5E5EA /* CadastroViewController.swift */,
				17F2BCDD1E7DC5F700D5E5EA /* CadastroViewController.xib */,
				177B84281E7E59A000776D03 /* ContaCriadaViewController.swift */,
				177B84291E7E59A000776D03 /* ContaCriadaViewController.xib */,
				171613D81E7F54300054187E /* DadosUsuariosViewController.swift */,
				171613D91E7F54300054187E /* DadosUsuariosViewController.xib */,
			);
			name = CadastroViewcontroller;
			sourceTree = "<group>";
		};
		6F88F233AB043C6DFBA90E45 /* Frameworks */ = {
			isa = PBXGroup;
			children = (
				4F7AEBA317E9141584A01A18 /* Pods_telaDeCadastro.framework */,
			);
			name = Frameworks;
			sourceTree = "<group>";
		};
		91BE634E2AE1352F18684DBE /* Pods */ = {
			isa = PBXGroup;
			children = (
				34C712AB91CC529A8894CCC8 /* Pods-telaDeCadastro.debug.xcconfig */,
				3E193A02E187B76A6C2066B7 /* Pods-telaDeCadastro.release.xcconfig */,
			);
			name = Pods;
			sourceTree = "<group>";
		};
/* End PBXGroup section */

/* Begin PBXNativeTarget section */
		17F2BCC51E7DC3F300D5E5EA /* telaDeCadastro */ = {
			isa = PBXNativeTarget;
			buildConfigurationList = 17F2BCD81E7DC3F300D5E5EA /* Build configuration list for PBXNativeTarget "telaDeCadastro" */;
			buildPhases = (
				E1BE102663B014733EC247EB /* [CP] Check Pods Manifest.lock */,
				17F2BCC21E7DC3F300D5E5EA /* Sources */,
				17F2BCC31E7DC3F300D5E5EA /* Frameworks */,
				17F2BCC41E7DC3F300D5E5EA /* Resources */,
				AA859BFF7EC2F141D9319366 /* [CP] Embed Pods Frameworks */,
				3E485BE920C3115765488974 /* [CP] Copy Pods Resources */,
			);
			buildRules = (
			);
			dependencies = (
			);
			name = telaDeCadastro;
			productName = telaDeCadastro;
			productReference = 17F2BCC61E7DC3F300D5E5EA /* telaDeCadastro.app */;
			productType = "com.apple.product-type.application";
		};
/* End PBXNativeTarget section */

/* Begin PBXProject section */
		17F2BCBE1E7DC3F300D5E5EA /* Project object */ = {
			isa = PBXProject;
			attributes = {
				LastSwiftUpdateCheck = 0800;
				LastUpgradeCheck = 0800;
				ORGANIZATIONNAME = "Joel Sene";
				TargetAttributes = {
					17F2BCC51E7DC3F300D5E5EA = {
						CreatedOnToolsVersion = 8.0;
						ProvisioningStyle = Manual;
						SystemCapabilities = {
							com.apple.Keychain = {
								enabled = 1;
							};
						};
					};
				};
			};
			buildConfigurationList = 17F2BCC11E7DC3F300D5E5EA /* Build configuration list for PBXProject "telaDeCadastro" */;
			compatibilityVersion = "Xcode 3.2";
			developmentRegion = English;
			hasScannedForEncodings = 0;
			knownRegions = (
				en,
				Base,
			);
			mainGroup = 17F2BCBD1E7DC3F300D5E5EA;
			productRefGroup = 17F2BCC71E7DC3F300D5E5EA /* Products */;
			projectDirPath = "";
			projectRoot = "";
			targets = (
				17F2BCC51E7DC3F300D5E5EA /* telaDeCadastro */,
			);
		};
/* End PBXProject section */

/* Begin PBXResourcesBuildPhase section */
		17F2BCC41E7DC3F300D5E5EA /* Resources */ = {
			isa = PBXResourcesBuildPhase;
			buildActionMask = 2147483647;
			files = (
				171613DB1E7F54300054187E /* DadosUsuariosViewController.xib in Resources */,
				17F2BCDF1E7DC5F700D5E5EA /* CadastroViewController.xib in Resources */,
				17F2BCD41E7DC3F300D5E5EA /* LaunchScreen.storyboard in Resources */,
				177B842B1E7E59A000776D03 /* ContaCriadaViewController.xib in Resources */,
				17F2BCD11E7DC3F300D5E5EA /* Assets.xcassets in Resources */,
			);
			runOnlyForDeploymentPostprocessing = 0;
		};
/* End PBXResourcesBuildPhase section */

/* Begin PBXShellScriptBuildPhase section */
		3E485BE920C3115765488974 /* [CP] Copy Pods Resources */ = {
			isa = PBXShellScriptBuildPhase;
			buildActionMask = 2147483647;
			files = (
			);
			inputPaths = (
			);
			name = "[CP] Copy Pods Resources";
			outputPaths = (
			);
			runOnlyForDeploymentPostprocessing = 0;
			shellPath = /bin/sh;
			shellScript = "\"${SRCROOT}/Pods/Target Support Files/Pods-telaDeCadastro/Pods-telaDeCadastro-resources.sh\"\n";
			showEnvVarsInLog = 0;
		};
		AA859BFF7EC2F141D9319366 /* [CP] Embed Pods Frameworks */ = {
			isa = PBXShellScriptBuildPhase;
			buildActionMask = 2147483647;
			files = (
			);
			inputPaths = (
			);
			name = "[CP] Embed Pods Frameworks";
			outputPaths = (
			);
			runOnlyForDeploymentPostprocessing = 0;
			shellPath = /bin/sh;
			shellScript = "\"${SRCROOT}/Pods/Target Support Files/Pods-telaDeCadastro/Pods-telaDeCadastro-frameworks.sh\"\n";
			showEnvVarsInLog = 0;
		};
		E1BE102663B014733EC247EB /* [CP] Check Pods Manifest.lock */ = {
			isa = PBXShellScriptBuildPhase;
			buildActionMask = 2147483647;
			files = (
			);
			inputPaths = (
			);
			name = "[CP] Check Pods Manifest.lock";
			outputPaths = (
			);
			runOnlyForDeploymentPostprocessing = 0;
			shellPath = /bin/sh;
			shellScript = "diff \"${PODS_ROOT}/../Podfile.lock\" \"${PODS_ROOT}/Manifest.lock\" > /dev/null\nif [ $? != 0 ] ; then\n    # print error to STDERR\n    echo \"error: The sandbox is not in sync with the Podfile.lock. Run 'pod install' or update your CocoaPods installation.\" >&2\n    exit 1\nfi\n";
			showEnvVarsInLog = 0;
		};
/* End PBXShellScriptBuildPhase section */

/* Begin PBXSourcesBuildPhase section */
		17F2BCC21E7DC3F300D5E5EA /* Sources */ = {
			isa = PBXSourcesBuildPhase;
			buildActionMask = 2147483647;
			files = (
				17F2BCCA1E7DC3F300D5E5EA /* AppDelegate.swift in Sources */,
				173159741E7F3E6F0029FED9 /* Cadastro.swift in Sources */,
				177B84271E7E466F00776D03 /* UIColor+ASAdditions.swift in Sources */,
				177B842A1E7E59A000776D03 /* ContaCriadaViewController.swift in Sources */,
				17F2BCDE1E7DC5F700D5E5EA /* CadastroViewController.swift in Sources */,
				171613DA1E7F54300054187E /* DadosUsuariosViewController.swift in Sources */,
			);
			runOnlyForDeploymentPostprocessing = 0;
		};
/* End PBXSourcesBuildPhase section */

/* Begin PBXVariantGroup section */
		17F2BCD21E7DC3F300D5E5EA /* LaunchScreen.storyboard */ = {
			isa = PBXVariantGroup;
			children = (
				17F2BCD31E7DC3F300D5E5EA /* Base */,
			);
			name = LaunchScreen.storyboard;
			sourceTree = "<group>";
		};
/* End PBXVariantGroup section */

/* Begin XCBuildConfiguration section */
		17F2BCD61E7DC3F300D5E5EA /* Debug */ = {
			isa = XCBuildConfiguration;
			buildSettings = {
				ALWAYS_SEARCH_USER_PATHS = NO;
				CLANG_ANALYZER_NONNULL = YES;
				CLANG_CXX_LANGUAGE_STANDARD = "gnu++0x";
				CLANG_CXX_LIBRARY = "libc++";
				CLANG_ENABLE_MODULES = YES;
				CLANG_ENABLE_OBJC_ARC = YES;
				CLANG_WARN_BOOL_CONVERSION = YES;
				CLANG_WARN_CONSTANT_CONVERSION = YES;
				CLANG_WARN_DIRECT_OBJC_ISA_USAGE = YES_ERROR;
				CLANG_WARN_DOCUMENTATION_COMMENTS = YES;
				CLANG_WARN_EMPTY_BODY = YES;
				CLANG_WARN_ENUM_CONVERSION = YES;
				CLANG_WARN_INFINITE_RECURSION = YES;
				CLANG_WARN_INT_CONVERSION = YES;
				CLANG_WARN_OBJC_ROOT_CLASS = YES_ERROR;
				CLANG_WARN_SUSPICIOUS_MOVES = YES;
				CLANG_WARN_UNREACHABLE_CODE = YES;
				CLANG_WARN__DUPLICATE_METHOD_MATCH = YES;
				"CODE_SIGN_IDENTITY[sdk=iphoneos*]" = "iPhone Developer";
				COPY_PHASE_STRIP = NO;
				DEBUG_INFORMATION_FORMAT = dwarf;
				ENABLE_STRICT_OBJC_MSGSEND = YES;
				ENABLE_TESTABILITY = YES;
				GCC_C_LANGUAGE_STANDARD = gnu99;
				GCC_DYNAMIC_NO_PIC = NO;
				GCC_NO_COMMON_BLOCKS = YES;
				GCC_OPTIMIZATION_LEVEL = 0;
				GCC_PREPROCESSOR_DEFINITIONS = (
					"DEBUG=1",
					"$(inherited)",
				);
				GCC_WARN_64_TO_32_BIT_CONVERSION = YES;
				GCC_WARN_ABOUT_RETURN_TYPE = YES_ERROR;
				GCC_WARN_UNDECLARED_SELECTOR = YES;
				GCC_WARN_UNINITIALIZED_AUTOS = YES_AGGRESSIVE;
				GCC_WARN_UNUSED_FUNCTION = YES;
				GCC_WARN_UNUSED_VARIABLE = YES;
				IPHONEOS_DEPLOYMENT_TARGET = 10.0;
				MTL_ENABLE_DEBUG_INFO = YES;
				ONLY_ACTIVE_ARCH = YES;
				SDKROOT = iphoneos;
				SWIFT_ACTIVE_COMPILATION_CONDITIONS = DEBUG;
				SWIFT_OPTIMIZATION_LEVEL = "-Onone";
				TARGETED_DEVICE_FAMILY = "1,2";
			};
			name = Debug;
		};
		17F2BCD71E7DC3F300D5E5EA /* Release */ = {
			isa = XCBuildConfiguration;
			buildSettings = {
				ALWAYS_SEARCH_USER_PATHS = NO;
				CLANG_ANALYZER_NONNULL = YES;
				CLANG_CXX_LANGUAGE_STANDARD = "gnu++0x";
				CLANG_CXX_LIBRARY = "libc++";
				CLANG_ENABLE_MODULES = YES;
				CLANG_ENABLE_OBJC_ARC = YES;
				CLANG_WARN_BOOL_CONVERSION = YES;
				CLANG_WARN_CONSTANT_CONVERSION = YES;
				CLANG_WARN_DIRECT_OBJC_ISA_USAGE = YES_ERROR;
				CLANG_WARN_DOCUMENTATION_COMMENTS = YES;
				CLANG_WARN_EMPTY_BODY = YES;
				CLANG_WARN_ENUM_CONVERSION = YES;
				CLANG_WARN_INFINITE_RECURSION = YES;
				CLANG_WARN_INT_CONVERSION = YES;
				CLANG_WARN_OBJC_ROOT_CLASS = YES_ERROR;
				CLANG_WARN_SUSPICIOUS_MOVES = YES;
				CLANG_WARN_UNREACHABLE_CODE = YES;
				CLANG_WARN__DUPLICATE_METHOD_MATCH = YES;
				"CODE_SIGN_IDENTITY[sdk=iphoneos*]" = "iPhone Developer";
				COPY_PHASE_STRIP = NO;
				DEBUG_INFORMATION_FORMAT = "dwarf-with-dsym";
				ENABLE_NS_ASSERTIONS = NO;
				ENABLE_STRICT_OBJC_MSGSEND = YES;
				GCC_C_LANGUAGE_STANDARD = gnu99;
				GCC_NO_COMMON_BLOCKS = YES;
				GCC_WARN_64_TO_32_BIT_CONVERSION = YES;
				GCC_WARN_ABOUT_RETURN_TYPE = YES_ERROR;
				GCC_WARN_UNDECLARED_SELECTOR = YES;
				GCC_WARN_UNINITIALIZED_AUTOS = YES_AGGRESSIVE;
				GCC_WARN_UNUSED_FUNCTION = YES;
				GCC_WARN_UNUSED_VARIABLE = YES;
				IPHONEOS_DEPLOYMENT_TARGET = 10.0;
				MTL_ENABLE_DEBUG_INFO = NO;
				SDKROOT = iphoneos;
				SWIFT_OPTIMIZATION_LEVEL = "-Owholemodule";
				TARGETED_DEVICE_FAMILY = "1,2";
				VALIDATE_PRODUCT = YES;
			};
			name = Release;
		};
		17F2BCD91E7DC3F300D5E5EA /* Debug */ = {
			isa = XCBuildConfiguration;
			baseConfigurationReference = 34C712AB91CC529A8894CCC8 /* Pods-telaDeCadastro.debug.xcconfig */;
			buildSettings = {
				ASSETCATALOG_COMPILER_APPICON_NAME = AppIcon;
				CODE_SIGN_ENTITLEMENTS = telaDeCadastro/telaDeCadastro.entitlements;
				DEVELOPMENT_TEAM = "";
				INFOPLIST_FILE = telaDeCadastro/Info.plist;
				LD_RUNPATH_SEARCH_PATHS = "$(inherited) @executable_path/Frameworks";
				PRODUCT_BUNDLE_IDENTIFIER = joel.telaDeCadastro;
				PRODUCT_NAME = "$(TARGET_NAME)";
				SWIFT_VERSION = 3.0;
			};
			name = Debug;
		};
		17F2BCDA1E7DC3F300D5E5EA /* Release */ = {
			isa = XCBuildConfiguration;
			baseConfigurationReference = 3E193A02E187B76A6C2066B7 /* Pods-telaDeCadastro.release.xcconfig */;
			buildSettings = {
				ASSETCATALOG_COMPILER_APPICON_NAME = AppIcon;
				CODE_SIGN_ENTITLEMENTS = telaDeCadastro/telaDeCadastro.entitlements;
				DEVELOPMENT_TEAM = "";
				INFOPLIST_FILE = telaDeCadastro/Info.plist;
				LD_RUNPATH_SEARCH_PATHS = "$(inherited) @executable_path/Frameworks";
				PRODUCT_BUNDLE_IDENTIFIER = joel.telaDeCadastro;
				PRODUCT_NAME = "$(TARGET_NAME)";
				SWIFT_VERSION = 3.0;
			};
			name = Release;
		};
/* End XCBuildConfiguration section */

/* Begin XCConfigurationList section */
		17F2BCC11E7DC3F300D5E5EA /* Build configuration list for PBXProject "telaDeCadastro" */ = {
			isa = XCConfigurationList;
			buildConfigurations = (
				17F2BCD61E7DC3F300D5E5EA /* Debug */,
				17F2BCD71E7DC3F300D5E5EA /* Release */,
			);
			defaultConfigurationIsVisible = 0;
			defaultConfigurationName = Release;
		};
		17F2BCD81E7DC3F300D5E5EA /* Build configuration list for PBXNativeTarget "telaDeCadastro" */ = {
			isa = XCConfigurationList;
			buildConfigurations = (
				17F2BCD91E7DC3F300D5E5EA /* Debug */,
				17F2BCDA1E7DC3F300D5E5EA /* Release */,
			);
			defaultConfigurationIsVisible = 0;
			defaultConfigurationName = Release;
		};
/* End XCConfigurationList section */
	};
	rootObject = 17F2BCBE1E7DC3F300D5E5EA /* Project object */;
}
